// !$*UTF8*$!
{
	archiveVersion = 1;
	classes = {
	};
	objectVersion = 50;
	objects = {

/* Begin PBXBuildFile section */
		8D2018922647BDC3009AE87F /* boj2069.cpp in Sources */ = {isa = PBXBuildFile; fileRef = 8D2018912647BDC3009AE87F /* boj2069.cpp */; };
		8D2018952647BEDD009AE87F /* boj1934.cpp in Sources */ = {isa = PBXBuildFile; fileRef = 8D2018942647BEDD009AE87F /* boj1934.cpp */; };
		8D2018982647C039009AE87F /* boj20058.cpp in Sources */ = {isa = PBXBuildFile; fileRef = 8D2018972647C039009AE87F /* boj20058.cpp */; };
		8D20189B2647FB8C009AE87F /* boj2981.cpp in Sources */ = {isa = PBXBuildFile; fileRef = 8D20189A2647FB8C009AE87F /* boj2981.cpp */; };
		8D20189E264AC9BF009AE87F /* boj21608.cpp in Sources */ = {isa = PBXBuildFile; fileRef = 8D20189D264AC9BF009AE87F /* boj21608.cpp */; };
		8D2018A1264D4DBC009AE87F /* boj1010.cpp in Sources */ = {isa = PBXBuildFile; fileRef = 8D2018A0264D4DBC009AE87F /* boj1010.cpp */; };
		8D2018A4264E8B53009AE87F /* boj11279.cpp in Sources */ = {isa = PBXBuildFile; fileRef = 8D2018A3264E8B53009AE87F /* boj11279.cpp */; };
		8D289AB8265509A8009B90AC /* boj10815.cpp in Sources */ = {isa = PBXBuildFile; fileRef = 8D289AB7265509A8009B90AC /* boj10815.cpp */; };
		8D289ABB2655372A009B90AC /* boj2470.cpp in Sources */ = {isa = PBXBuildFile; fileRef = 8D289ABA2655372A009B90AC /* boj2470.cpp */; };
		8D2911FA266C9DDC000AB283 /* boj1158.cpp in Sources */ = {isa = PBXBuildFile; fileRef = 8D2911F9266C9DDC000AB283 /* boj1158.cpp */; };
		8D2911FC266CA908000AB283 /* bitMaskStable.cpp in Sources */ = {isa = PBXBuildFile; fileRef = 8D2911FB266CA908000AB283 /* bitMaskStable.cpp */; };
		8D2911FE266CAD90000AB283 /* boj14391.cpp in Sources */ = {isa = PBXBuildFile; fileRef = 8D2911FD266CAD90000AB283 /* boj14391.cpp */; };
		8D3563872650E212000CCA3E /* boj20055.cpp in Sources */ = {isa = PBXBuildFile; fileRef = 8D3563862650E212000CCA3E /* boj20055.cpp */; };
		8D35638A2650EB62000CCA3E /* boj11286.cpp in Sources */ = {isa = PBXBuildFile; fileRef = 8D3563892650EB62000CCA3E /* boj11286.cpp */; };
		8D359236265922A5000E40CD /* boj1309.cpp in Sources */ = {isa = PBXBuildFile; fileRef = 8D359235265922A5000E40CD /* boj1309.cpp */; };
		8D35923826595EF7000E40CD /* boj2293.cpp in Sources */ = {isa = PBXBuildFile; fileRef = 8D35923726595EF7000E40CD /* boj2293.cpp */; };
		8D35923A265A3ECC000E40CD /* boj1107.cpp in Sources */ = {isa = PBXBuildFile; fileRef = 8D359239265A3ECC000E40CD /* boj1107.cpp */; };
		8D35923C2660E03C000E40CD /* boj1976.cpp in Sources */ = {isa = PBXBuildFile; fileRef = 8D35923B2660E03C000E40CD /* boj1976.cpp */; };
		8D35923E26621211000E40CD /* boj4195.cpp in Sources */ = {isa = PBXBuildFile; fileRef = 8D35923D26621211000E40CD /* boj4195.cpp */; };
		8D3592402662197F000E40CD /* boj17608.cpp in Sources */ = {isa = PBXBuildFile; fileRef = 8D35923F2662197F000E40CD /* boj17608.cpp */; };
		8D35924226636D77000E40CD /* boj20040.cpp in Sources */ = {isa = PBXBuildFile; fileRef = 8D35924126636D77000E40CD /* boj20040.cpp */; };
		8D35924426638A8D000E40CD /* algospotAsymmetric.cpp in Sources */ = {isa = PBXBuildFile; fileRef = 8D35924326638A8D000E40CD /* algospotAsymmetric.cpp */; };
		8D359246266390AF000E40CD /* boj21608_2.cpp in Sources */ = {isa = PBXBuildFile; fileRef = 8D359245266390AF000E40CD /* boj21608_2.cpp */; };
		8D35924826679427000E40CD /* boj11559.cpp in Sources */ = {isa = PBXBuildFile; fileRef = 8D35924726679427000E40CD /* boj11559.cpp */; };
		8D35924A266A15CF000E40CD /* boj21608-2.cpp in Sources */ = {isa = PBXBuildFile; fileRef = 8D359249266A15CF000E40CD /* boj21608-2.cpp */; };
		8D35924C266A3435000E40CD /* boj16932.cpp in Sources */ = {isa = PBXBuildFile; fileRef = 8D35924B266A3435000E40CD /* boj16932.cpp */; };
		8D42BD842658DFA000CA9F22 /* boj2636.cpp in Sources */ = {isa = PBXBuildFile; fileRef = 8D42BD832658DFA000CA9F22 /* boj2636.cpp */; };
		8D42BD872658EA2F00CA9F22 /* bittest.cpp in Sources */ = {isa = PBXBuildFile; fileRef = 8D42BD862658EA2F00CA9F22 /* bittest.cpp */; };
		8D42BD8A2658FCB500CA9F22 /* boj11723.cpp in Sources */ = {isa = PBXBuildFile; fileRef = 8D42BD892658FCB500CA9F22 /* boj11723.cpp */; };
		8D48144B26A178C60040F785 /* boj1039.cpp in Sources */ = {isa = PBXBuildFile; fileRef = 8D48144A26A178C60040F785 /* boj1039.cpp */; };
		8D48144D26A3F3350040F785 /* stringtest.cpp in Sources */ = {isa = PBXBuildFile; fileRef = 8D48144C26A3F3350040F785 /* stringtest.cpp */; };
		8D48144F26AD6AFF0040F785 /* boj10448.cpp in Sources */ = {isa = PBXBuildFile; fileRef = 8D48144E26AD6AFF0040F785 /* boj10448.cpp */; };
		8D48145126B2EC860040F785 /* boj3986.cpp in Sources */ = {isa = PBXBuildFile; fileRef = 8D48145026B2EC860040F785 /* boj3986.cpp */; };
		8D849B992655021A00EEA0D5 /* boj2529.cpp in Sources */ = {isa = PBXBuildFile; fileRef = 8D849B982655021A00EEA0D5 /* boj2529.cpp */; };
		8D8F44442652B2680014B94E /* boj3046.cpp in Sources */ = {isa = PBXBuildFile; fileRef = 8D8F44432652B2680014B94E /* boj3046.cpp */; };
		8DA21D99267DEA6400BBA51F /* boj15986.cpp in Sources */ = {isa = PBXBuildFile; fileRef = 8DA21D98267DEA6400BBA51F /* boj15986.cpp */; };
		8DA21D9B267F0E6B00BBA51F /* boj7785.cpp in Sources */ = {isa = PBXBuildFile; fileRef = 8DA21D9A267F0E6B00BBA51F /* boj7785.cpp */; };
		8DA21D9D268850E100BBA51F /* boj2638.cpp in Sources */ = {isa = PBXBuildFile; fileRef = 8DA21D9C268850E100BBA51F /* boj2638.cpp */; };
		8DA21D9F2688B21400BBA51F /* boj11052.cpp in Sources */ = {isa = PBXBuildFile; fileRef = 8DA21D9E2688B21400BBA51F /* boj11052.cpp */; };
		8DA21DA1268A05A600BBA51F /* boj11365.cpp in Sources */ = {isa = PBXBuildFile; fileRef = 8DA21DA0268A05A600BBA51F /* boj11365.cpp */; };
		8DA21DA3268B593500BBA51F /* boj1357.cpp in Sources */ = {isa = PBXBuildFile; fileRef = 8DA21DA2268B593500BBA51F /* boj1357.cpp */; };
		8DA21DA52690DEC000BBA51F /* boj1652.cpp in Sources */ = {isa = PBXBuildFile; fileRef = 8DA21DA42690DEC000BBA51F /* boj1652.cpp */; };
		8DA21DA72690E11300BBA51F /* boj10987.cpp in Sources */ = {isa = PBXBuildFile; fileRef = 8DA21DA62690E11300BBA51F /* boj10987.cpp */; };
		8DA21DA9269DCE7D00BBA51F /* boj9375.cpp in Sources */ = {isa = PBXBuildFile; fileRef = 8DA21DA8269DCE7D00BBA51F /* boj9375.cpp */; };
		8DA21DAB269F29B700BBA51F /* boj1676.cpp in Sources */ = {isa = PBXBuildFile; fileRef = 8DA21DAA269F29B700BBA51F /* boj1676.cpp */; };
		8DD4C4B92642650E006D7D2A /* main.cpp in Sources */ = {isa = PBXBuildFile; fileRef = 8DD4C4B82642650E006D7D2A /* main.cpp */; };
		8DD4C4C126428DF4006D7D2A /* boj4353.cpp in Sources */ = {isa = PBXBuildFile; fileRef = 8DD4C4C026428DF4006D7D2A /* boj4353.cpp */; };
		8DD4C4C426429111006D7D2A /* boj1202.cpp in Sources */ = {isa = PBXBuildFile; fileRef = 8DD4C4C326429111006D7D2A /* boj1202.cpp */; };
/* End PBXBuildFile section */

/* Begin PBXCopyFilesBuildPhase section */
		8DD4C4B32642650E006D7D2A /* CopyFiles */ = {
			isa = PBXCopyFilesBuildPhase;
			buildActionMask = 2147483647;
			dstPath = /usr/share/man/man1/;
			dstSubfolderSpec = 0;
			files = (
			);
			runOnlyForDeploymentPostprocessing = 1;
		};
/* End PBXCopyFilesBuildPhase section */

/* Begin PBXFileReference section */
		8D2018912647BDC3009AE87F /* boj2069.cpp */ = {isa = PBXFileReference; lastKnownFileType = sourcecode.cpp.cpp; path = boj2069.cpp; sourceTree = "<group>"; };
		8D2018942647BEDD009AE87F /* boj1934.cpp */ = {isa = PBXFileReference; lastKnownFileType = sourcecode.cpp.cpp; path = boj1934.cpp; sourceTree = "<group>"; };
		8D2018972647C039009AE87F /* boj20058.cpp */ = {isa = PBXFileReference; lastKnownFileType = sourcecode.cpp.cpp; path = boj20058.cpp; sourceTree = "<group>"; };
		8D20189A2647FB8C009AE87F /* boj2981.cpp */ = {isa = PBXFileReference; lastKnownFileType = sourcecode.cpp.cpp; path = boj2981.cpp; sourceTree = "<group>"; };
		8D20189D264AC9BF009AE87F /* boj21608.cpp */ = {isa = PBXFileReference; lastKnownFileType = sourcecode.cpp.cpp; path = boj21608.cpp; sourceTree = "<group>"; };
		8D2018A0264D4DBC009AE87F /* boj1010.cpp */ = {isa = PBXFileReference; lastKnownFileType = sourcecode.cpp.cpp; path = boj1010.cpp; sourceTree = "<group>"; };
		8D2018A3264E8B53009AE87F /* boj11279.cpp */ = {isa = PBXFileReference; lastKnownFileType = sourcecode.cpp.cpp; path = boj11279.cpp; sourceTree = "<group>"; };
		8D289AB7265509A8009B90AC /* boj10815.cpp */ = {isa = PBXFileReference; lastKnownFileType = sourcecode.cpp.cpp; path = boj10815.cpp; sourceTree = "<group>"; };
		8D289ABA2655372A009B90AC /* boj2470.cpp */ = {isa = PBXFileReference; lastKnownFileType = sourcecode.cpp.cpp; path = boj2470.cpp; sourceTree = "<group>"; };
		8D2911F9266C9DDC000AB283 /* boj1158.cpp */ = {isa = PBXFileReference; lastKnownFileType = sourcecode.cpp.cpp; path = boj1158.cpp; sourceTree = "<group>"; };
		8D2911FB266CA908000AB283 /* bitMaskStable.cpp */ = {isa = PBXFileReference; lastKnownFileType = sourcecode.cpp.cpp; path = bitMaskStable.cpp; sourceTree = "<group>"; };
		8D2911FD266CAD90000AB283 /* boj14391.cpp */ = {isa = PBXFileReference; lastKnownFileType = sourcecode.cpp.cpp; path = boj14391.cpp; sourceTree = "<group>"; };
		8D3563862650E212000CCA3E /* boj20055.cpp */ = {isa = PBXFileReference; lastKnownFileType = sourcecode.cpp.cpp; path = boj20055.cpp; sourceTree = "<group>"; };
		8D3563892650EB62000CCA3E /* boj11286.cpp */ = {isa = PBXFileReference; lastKnownFileType = sourcecode.cpp.cpp; path = boj11286.cpp; sourceTree = "<group>"; };
		8D359235265922A5000E40CD /* boj1309.cpp */ = {isa = PBXFileReference; lastKnownFileType = sourcecode.cpp.cpp; name = boj1309.cpp; path = boj2437/boj1309.cpp; sourceTree = "<group>"; };
		8D35923726595EF7000E40CD /* boj2293.cpp */ = {isa = PBXFileReference; lastKnownFileType = sourcecode.cpp.cpp; path = boj2293.cpp; sourceTree = "<group>"; };
		8D359239265A3ECC000E40CD /* boj1107.cpp */ = {isa = PBXFileReference; lastKnownFileType = sourcecode.cpp.cpp; path = boj1107.cpp; sourceTree = "<group>"; };
		8D35923B2660E03C000E40CD /* boj1976.cpp */ = {isa = PBXFileReference; lastKnownFileType = sourcecode.cpp.cpp; path = boj1976.cpp; sourceTree = "<group>"; };
		8D35923D26621211000E40CD /* boj4195.cpp */ = {isa = PBXFileReference; lastKnownFileType = sourcecode.cpp.cpp; path = boj4195.cpp; sourceTree = "<group>"; };
		8D35923F2662197F000E40CD /* boj17608.cpp */ = {isa = PBXFileReference; lastKnownFileType = sourcecode.cpp.cpp; path = boj17608.cpp; sourceTree = "<group>"; };
		8D35924126636D77000E40CD /* boj20040.cpp */ = {isa = PBXFileReference; lastKnownFileType = sourcecode.cpp.cpp; path = boj20040.cpp; sourceTree = "<group>"; };
		8D35924326638A8D000E40CD /* algospotAsymmetric.cpp */ = {isa = PBXFileReference; lastKnownFileType = sourcecode.cpp.cpp; path = algospotAsymmetric.cpp; sourceTree = "<group>"; };
		8D359245266390AF000E40CD /* boj21608_2.cpp */ = {isa = PBXFileReference; lastKnownFileType = sourcecode.cpp.cpp; path = boj21608_2.cpp; sourceTree = "<group>"; };
		8D35924726679427000E40CD /* boj11559.cpp */ = {isa = PBXFileReference; lastKnownFileType = sourcecode.cpp.cpp; path = boj11559.cpp; sourceTree = "<group>"; };
		8D359249266A15CF000E40CD /* boj21608-2.cpp */ = {isa = PBXFileReference; lastKnownFileType = sourcecode.cpp.cpp; path = "boj21608-2.cpp"; sourceTree = "<group>"; };
		8D35924B266A3435000E40CD /* boj16932.cpp */ = {isa = PBXFileReference; lastKnownFileType = sourcecode.cpp.cpp; path = boj16932.cpp; sourceTree = "<group>"; };
		8D42BD832658DFA000CA9F22 /* boj2636.cpp */ = {isa = PBXFileReference; lastKnownFileType = sourcecode.cpp.cpp; path = boj2636.cpp; sourceTree = "<group>"; };
		8D42BD862658EA2F00CA9F22 /* bittest.cpp */ = {isa = PBXFileReference; lastKnownFileType = sourcecode.cpp.cpp; path = bittest.cpp; sourceTree = "<group>"; };
		8D42BD892658FCB500CA9F22 /* boj11723.cpp */ = {isa = PBXFileReference; lastKnownFileType = sourcecode.cpp.cpp; path = boj11723.cpp; sourceTree = "<group>"; };
		8D48144A26A178C60040F785 /* boj1039.cpp */ = {isa = PBXFileReference; lastKnownFileType = sourcecode.cpp.cpp; path = boj1039.cpp; sourceTree = "<group>"; };
		8D48144C26A3F3350040F785 /* stringtest.cpp */ = {isa = PBXFileReference; lastKnownFileType = sourcecode.cpp.cpp; path = stringtest.cpp; sourceTree = "<group>"; };
		8D48144E26AD6AFF0040F785 /* boj10448.cpp */ = {isa = PBXFileReference; lastKnownFileType = sourcecode.cpp.cpp; path = boj10448.cpp; sourceTree = "<group>"; };
		8D48145026B2EC860040F785 /* boj3986.cpp */ = {isa = PBXFileReference; lastKnownFileType = sourcecode.cpp.cpp; path = boj3986.cpp; sourceTree = "<group>"; };
		8D849B982655021A00EEA0D5 /* boj2529.cpp */ = {isa = PBXFileReference; lastKnownFileType = sourcecode.cpp.cpp; path = boj2529.cpp; sourceTree = "<group>"; };
		8D8F44432652B2680014B94E /* boj3046.cpp */ = {isa = PBXFileReference; lastKnownFileType = sourcecode.cpp.cpp; path = boj3046.cpp; sourceTree = "<group>"; };
		8DA21D98267DEA6400BBA51F /* boj15986.cpp */ = {isa = PBXFileReference; lastKnownFileType = sourcecode.cpp.cpp; path = boj15986.cpp; sourceTree = "<group>"; };
		8DA21D9A267F0E6B00BBA51F /* boj7785.cpp */ = {isa = PBXFileReference; lastKnownFileType = sourcecode.cpp.cpp; path = boj7785.cpp; sourceTree = "<group>"; };
		8DA21D9C268850E100BBA51F /* boj2638.cpp */ = {isa = PBXFileReference; lastKnownFileType = sourcecode.cpp.cpp; path = boj2638.cpp; sourceTree = "<group>"; };
		8DA21D9E2688B21400BBA51F /* boj11052.cpp */ = {isa = PBXFileReference; lastKnownFileType = sourcecode.cpp.cpp; path = boj11052.cpp; sourceTree = "<group>"; };
		8DA21DA0268A05A600BBA51F /* boj11365.cpp */ = {isa = PBXFileReference; lastKnownFileType = sourcecode.cpp.cpp; path = boj11365.cpp; sourceTree = "<group>"; };
		8DA21DA2268B593500BBA51F /* boj1357.cpp */ = {isa = PBXFileReference; lastKnownFileType = sourcecode.cpp.cpp; path = boj1357.cpp; sourceTree = "<group>"; };
		8DA21DA42690DEC000BBA51F /* boj1652.cpp */ = {isa = PBXFileReference; lastKnownFileType = sourcecode.cpp.cpp; path = boj1652.cpp; sourceTree = "<group>"; };
		8DA21DA62690E11300BBA51F /* boj10987.cpp */ = {isa = PBXFileReference; lastKnownFileType = sourcecode.cpp.cpp; path = boj10987.cpp; sourceTree = "<group>"; };
		8DA21DA8269DCE7D00BBA51F /* boj9375.cpp */ = {isa = PBXFileReference; lastKnownFileType = sourcecode.cpp.cpp; path = boj9375.cpp; sourceTree = "<group>"; };
		8DA21DAA269F29B700BBA51F /* boj1676.cpp */ = {isa = PBXFileReference; lastKnownFileType = sourcecode.cpp.cpp; path = boj1676.cpp; sourceTree = "<group>"; };
		8DD4C4B52642650E006D7D2A /* boj2437 */ = {isa = PBXFileReference; explicitFileType = "compiled.mach-o.executable"; includeInIndex = 0; path = boj2437; sourceTree = BUILT_PRODUCTS_DIR; };
		8DD4C4B82642650E006D7D2A /* main.cpp */ = {isa = PBXFileReference; lastKnownFileType = sourcecode.cpp.cpp; path = main.cpp; sourceTree = "<group>"; };
		8DD4C4C026428DF4006D7D2A /* boj4353.cpp */ = {isa = PBXFileReference; lastKnownFileType = sourcecode.cpp.cpp; path = boj4353.cpp; sourceTree = "<group>"; };
		8DD4C4C326429111006D7D2A /* boj1202.cpp */ = {isa = PBXFileReference; lastKnownFileType = sourcecode.cpp.cpp; path = boj1202.cpp; sourceTree = "<group>"; };
/* End PBXFileReference section */

/* Begin PBXFrameworksBuildPhase section */
		8DD4C4B22642650E006D7D2A /* Frameworks */ = {
			isa = PBXFrameworksBuildPhase;
			buildActionMask = 2147483647;
			files = (
			);
			runOnlyForDeploymentPostprocessing = 0;
		};
/* End PBXFrameworksBuildPhase section */

/* Begin PBXGroup section */
		8DD4C4AC2642650E006D7D2A = {
			isa = PBXGroup;
			children = (
				8D48145026B2EC860040F785 /* boj3986.cpp */,
				8D48144E26AD6AFF0040F785 /* boj10448.cpp */,
				8D48144C26A3F3350040F785 /* stringtest.cpp */,
				8D48144A26A178C60040F785 /* boj1039.cpp */,
				8DA21DAA269F29B700BBA51F /* boj1676.cpp */,
				8DA21D9E2688B21400BBA51F /* boj11052.cpp */,
				8DA21DA0268A05A600BBA51F /* boj11365.cpp */,
				8DA21DA2268B593500BBA51F /* boj1357.cpp */,
				8DA21DA42690DEC000BBA51F /* boj1652.cpp */,
				8DA21DA62690E11300BBA51F /* boj10987.cpp */,
				8DA21DA8269DCE7D00BBA51F /* boj9375.cpp */,
				8DA21D98267DEA6400BBA51F /* boj15986.cpp */,
				8DA21D9A267F0E6B00BBA51F /* boj7785.cpp */,
				8DA21D9C268850E100BBA51F /* boj2638.cpp */,
				8D2911F9266C9DDC000AB283 /* boj1158.cpp */,
				8D2911FB266CA908000AB283 /* bitMaskStable.cpp */,
				8D2911FD266CAD90000AB283 /* boj14391.cpp */,
				8D35924B266A3435000E40CD /* boj16932.cpp */,
				8D359249266A15CF000E40CD /* boj21608-2.cpp */,
				8D35924726679427000E40CD /* boj11559.cpp */,
				8D35924326638A8D000E40CD /* algospotAsymmetric.cpp */,
				8D359245266390AF000E40CD /* boj21608_2.cpp */,
				8D35924126636D77000E40CD /* boj20040.cpp */,
				8D35923D26621211000E40CD /* boj4195.cpp */,
				8D35923F2662197F000E40CD /* boj17608.cpp */,
				8D35923B2660E03C000E40CD /* boj1976.cpp */,
				8D359235265922A5000E40CD /* boj1309.cpp */,
				8D35923726595EF7000E40CD /* boj2293.cpp */,
				8D359239265A3ECC000E40CD /* boj1107.cpp */,
				8D42BD892658FCB500CA9F22 /* boj11723.cpp */,
				8D42BD862658EA2F00CA9F22 /* bittest.cpp */,
				8D42BD832658DFA000CA9F22 /* boj2636.cpp */,
				8D289AB7265509A8009B90AC /* boj10815.cpp */,
				8D289ABA2655372A009B90AC /* boj2470.cpp */,
				8D2018A3264E8B53009AE87F /* boj11279.cpp */,
				8D3563862650E212000CCA3E /* boj20055.cpp */,
				8D3563892650EB62000CCA3E /* boj11286.cpp */,
				8D8F44432652B2680014B94E /* boj3046.cpp */,
				8D849B982655021A00EEA0D5 /* boj2529.cpp */,
				8D2018A0264D4DBC009AE87F /* boj1010.cpp */,
				8D2018912647BDC3009AE87F /* boj2069.cpp */,
				8D2018942647BEDD009AE87F /* boj1934.cpp */,
				8D2018972647C039009AE87F /* boj20058.cpp */,
				8D20189A2647FB8C009AE87F /* boj2981.cpp */,
				8D20189D264AC9BF009AE87F /* boj21608.cpp */,
				8DD4C4C026428DF4006D7D2A /* boj4353.cpp */,
				8DD4C4C326429111006D7D2A /* boj1202.cpp */,
				8DD4C4B72642650E006D7D2A /* boj2437 */,
				8DD4C4B62642650E006D7D2A /* Products */,
			);
			sourceTree = "<group>";
		};
		8DD4C4B62642650E006D7D2A /* Products */ = {
			isa = PBXGroup;
			children = (
				8DD4C4B52642650E006D7D2A /* boj2437 */,
			);
			name = Products;
			sourceTree = "<group>";
		};
		8DD4C4B72642650E006D7D2A /* boj2437 */ = {
			isa = PBXGroup;
			children = (
				8DD4C4B82642650E006D7D2A /* main.cpp */,
			);
			path = boj2437;
			sourceTree = "<group>";
		};
/* End PBXGroup section */

/* Begin PBXNativeTarget section */
		8DD4C4B42642650E006D7D2A /* boj2437 */ = {
			isa = PBXNativeTarget;
			buildConfigurationList = 8DD4C4BC2642650E006D7D2A /* Build configuration list for PBXNativeTarget "boj2437" */;
			buildPhases = (
				8DD4C4B12642650E006D7D2A /* Sources */,
				8DD4C4B22642650E006D7D2A /* Frameworks */,
				8DD4C4B32642650E006D7D2A /* CopyFiles */,
			);
			buildRules = (
			);
			dependencies = (
			);
			name = boj2437;
			productName = boj2437;
			productReference = 8DD4C4B52642650E006D7D2A /* boj2437 */;
			productType = "com.apple.product-type.tool";
		};
/* End PBXNativeTarget section */

/* Begin PBXProject section */
		8DD4C4AD2642650E006D7D2A /* Project object */ = {
			isa = PBXProject;
			attributes = {
				LastUpgradeCheck = 1250;
				TargetAttributes = {
					8DD4C4B42642650E006D7D2A = {
						CreatedOnToolsVersion = 12.4;
					};
				};
			};
			buildConfigurationList = 8DD4C4B02642650E006D7D2A /* Build configuration list for PBXProject "boj2437" */;
			compatibilityVersion = "Xcode 9.3";
			developmentRegion = en;
			hasScannedForEncodings = 0;
			knownRegions = (
				en,
				Base,
			);
			mainGroup = 8DD4C4AC2642650E006D7D2A;
			productRefGroup = 8DD4C4B62642650E006D7D2A /* Products */;
			projectDirPath = "";
			projectRoot = "";
			targets = (
				8DD4C4B42642650E006D7D2A /* boj2437 */,
			);
		};
/* End PBXProject section */

/* Begin PBXSourcesBuildPhase section */
		8DD4C4B12642650E006D7D2A /* Sources */ = {
			isa = PBXSourcesBuildPhase;
			buildActionMask = 2147483647;
			files = (
				8DA21DA1268A05A600BBA51F /* boj11365.cpp in Sources */,
				8D35923C2660E03C000E40CD /* boj1976.cpp in Sources */,
				8D35924826679427000E40CD /* boj11559.cpp in Sources */,
				8DA21DAB269F29B700BBA51F /* boj1676.cpp in Sources */,
				8D35924A266A15CF000E40CD /* boj21608-2.cpp in Sources */,
				8D35923826595EF7000E40CD /* boj2293.cpp in Sources */,
				8D48144F26AD6AFF0040F785 /* boj10448.cpp in Sources */,
				8D35923E26621211000E40CD /* boj4195.cpp in Sources */,
				8D42BD8A2658FCB500CA9F22 /* boj11723.cpp in Sources */,
				8D2911FA266C9DDC000AB283 /* boj1158.cpp in Sources */,
				8D2018A1264D4DBC009AE87F /* boj1010.cpp in Sources */,
				8D42BD872658EA2F00CA9F22 /* bittest.cpp in Sources */,
				8D3563872650E212000CCA3E /* boj20055.cpp in Sources */,
				8D2911FE266CAD90000AB283 /* boj14391.cpp in Sources */,
				8D359236265922A5000E40CD /* boj1309.cpp in Sources */,
				8D359246266390AF000E40CD /* boj21608_2.cpp in Sources */,
				8D48144B26A178C60040F785 /* boj1039.cpp in Sources */,
				8D48145126B2EC860040F785 /* boj3986.cpp in Sources */,
				8D35924226636D77000E40CD /* boj20040.cpp in Sources */,
				8DA21D9B267F0E6B00BBA51F /* boj7785.cpp in Sources */,
				8D2018922647BDC3009AE87F /* boj2069.cpp in Sources */,
				8D20189E264AC9BF009AE87F /* boj21608.cpp in Sources */,
				8D35923A265A3ECC000E40CD /* boj1107.cpp in Sources */,
				8D289ABB2655372A009B90AC /* boj2470.cpp in Sources */,
				8DA21D9F2688B21400BBA51F /* boj11052.cpp in Sources */,
				8DA21D9D268850E100BBA51F /* boj2638.cpp in Sources */,
				8D289AB8265509A8009B90AC /* boj10815.cpp in Sources */,
				8DD4C4C426429111006D7D2A /* boj1202.cpp in Sources */,
				8D35924C266A3435000E40CD /* boj16932.cpp in Sources */,
				8D849B992655021A00EEA0D5 /* boj2529.cpp in Sources */,
				8DA21D99267DEA6400BBA51F /* boj15986.cpp in Sources */,
				8D42BD842658DFA000CA9F22 /* boj2636.cpp in Sources */,
				8D8F44442652B2680014B94E /* boj3046.cpp in Sources */,
				8D3592402662197F000E40CD /* boj17608.cpp in Sources */,
				8D48144D26A3F3350040F785 /* stringtest.cpp in Sources */,
				8D35924426638A8D000E40CD /* algospotAsymmetric.cpp in Sources */,
				8DA21DA3268B593500BBA51F /* boj1357.cpp in Sources */,
				8D2911FC266CA908000AB283 /* bitMaskStable.cpp in Sources */,
				8DA21DA9269DCE7D00BBA51F /* boj9375.cpp in Sources */,
				8DD4C4C126428DF4006D7D2A /* boj4353.cpp in Sources */,
				8D35638A2650EB62000CCA3E /* boj11286.cpp in Sources */,
				8D2018982647C039009AE87F /* boj20058.cpp in Sources */,
				8DD4C4B92642650E006D7D2A /* main.cpp in Sources */,
				8DA21DA72690E11300BBA51F /* boj10987.cpp in Sources */,
				8D20189B2647FB8C009AE87F /* boj2981.cpp in Sources */,
				8D2018A4264E8B53009AE87F /* boj11279.cpp in Sources */,
				8D2018952647BEDD009AE87F /* boj1934.cpp in Sources */,
				8DA21DA52690DEC000BBA51F /* boj1652.cpp in Sources */,
			);
			runOnlyForDeploymentPostprocessing = 0;
		};
/* End PBXSourcesBuildPhase section */

/* Begin XCBuildConfiguration section */
		8DD4C4BA2642650E006D7D2A /* Debug */ = {
			isa = XCBuildConfiguration;
			buildSettings = {
				ALWAYS_SEARCH_USER_PATHS = NO;
				CLANG_ANALYZER_NONNULL = YES;
				CLANG_ANALYZER_NUMBER_OBJECT_CONVERSION = YES_AGGRESSIVE;
				CLANG_CXX_LANGUAGE_STANDARD = "gnu++14";
				CLANG_CXX_LIBRARY = "libc++";
				CLANG_ENABLE_MODULES = YES;
				CLANG_ENABLE_OBJC_ARC = YES;
				CLANG_ENABLE_OBJC_WEAK = YES;
				CLANG_WARN_BLOCK_CAPTURE_AUTORELEASING = YES;
				CLANG_WARN_BOOL_CONVERSION = YES;
				CLANG_WARN_COMMA = YES;
				CLANG_WARN_CONSTANT_CONVERSION = YES;
				CLANG_WARN_DEPRECATED_OBJC_IMPLEMENTATIONS = YES;
				CLANG_WARN_DIRECT_OBJC_ISA_USAGE = YES_ERROR;
				CLANG_WARN_DOCUMENTATION_COMMENTS = YES;
				CLANG_WARN_EMPTY_BODY = YES;
				CLANG_WARN_ENUM_CONVERSION = YES;
				CLANG_WARN_INFINITE_RECURSION = YES;
				CLANG_WARN_INT_CONVERSION = YES;
				CLANG_WARN_NON_LITERAL_NULL_CONVERSION = YES;
				CLANG_WARN_OBJC_IMPLICIT_RETAIN_SELF = YES;
				CLANG_WARN_OBJC_LITERAL_CONVERSION = YES;
				CLANG_WARN_OBJC_ROOT_CLASS = YES_ERROR;
				CLANG_WARN_QUOTED_INCLUDE_IN_FRAMEWORK_HEADER = YES;
				CLANG_WARN_RANGE_LOOP_ANALYSIS = YES;
				CLANG_WARN_STRICT_PROTOTYPES = YES;
				CLANG_WARN_SUSPICIOUS_MOVE = YES;
				CLANG_WARN_UNGUARDED_AVAILABILITY = YES_AGGRESSIVE;
				CLANG_WARN_UNREACHABLE_CODE = YES;
				CLANG_WARN__DUPLICATE_METHOD_MATCH = YES;
				COPY_PHASE_STRIP = NO;
				DEBUG_INFORMATION_FORMAT = dwarf;
				ENABLE_STRICT_OBJC_MSGSEND = YES;
				ENABLE_TESTABILITY = YES;
				GCC_C_LANGUAGE_STANDARD = gnu11;
				GCC_DYNAMIC_NO_PIC = NO;
				GCC_NO_COMMON_BLOCKS = YES;
				GCC_OPTIMIZATION_LEVEL = 0;
				GCC_PREPROCESSOR_DEFINITIONS = (
					"DEBUG=1",
					"$(inherited)",
				);
				GCC_WARN_64_TO_32_BIT_CONVERSION = YES;
				GCC_WARN_ABOUT_RETURN_TYPE = YES_ERROR;
				GCC_WARN_UNDECLARED_SELECTOR = YES;
				GCC_WARN_UNINITIALIZED_AUTOS = YES_AGGRESSIVE;
				GCC_WARN_UNUSED_FUNCTION = YES;
				GCC_WARN_UNUSED_VARIABLE = YES;
				MACOSX_DEPLOYMENT_TARGET = 11.1;
				MTL_ENABLE_DEBUG_INFO = INCLUDE_SOURCE;
				MTL_FAST_MATH = YES;
				ONLY_ACTIVE_ARCH = YES;
				SDKROOT = macosx;
			};
			name = Debug;
		};
		8DD4C4BB2642650E006D7D2A /* Release */ = {
			isa = XCBuildConfiguration;
			buildSettings = {
				ALWAYS_SEARCH_USER_PATHS = NO;
				CLANG_ANALYZER_NONNULL = YES;
				CLANG_ANALYZER_NUMBER_OBJECT_CONVERSION = YES_AGGRESSIVE;
				CLANG_CXX_LANGUAGE_STANDARD = "gnu++14";
				CLANG_CXX_LIBRARY = "libc++";
				CLANG_ENABLE_MODULES = YES;
				CLANG_ENABLE_OBJC_ARC = YES;
				CLANG_ENABLE_OBJC_WEAK = YES;
				CLANG_WARN_BLOCK_CAPTURE_AUTORELEASING = YES;
				CLANG_WARN_BOOL_CONVERSION = YES;
				CLANG_WARN_COMMA = YES;
				CLANG_WARN_CONSTANT_CONVERSION = YES;
				CLANG_WARN_DEPRECATED_OBJC_IMPLEMENTATIONS = YES;
				CLANG_WARN_DIRECT_OBJC_ISA_USAGE = YES_ERROR;
				CLANG_WARN_DOCUMENTATION_COMMENTS = YES;
				CLANG_WARN_EMPTY_BODY = YES;
				CLANG_WARN_ENUM_CONVERSION = YES;
				CLANG_WARN_INFINITE_RECURSION = YES;
				CLANG_WARN_INT_CONVERSION = YES;
				CLANG_WARN_NON_LITERAL_NULL_CONVERSION = YES;
				CLANG_WARN_OBJC_IMPLICIT_RETAIN_SELF = YES;
				CLANG_WARN_OBJC_LITERAL_CONVERSION = YES;
				CLANG_WARN_OBJC_ROOT_CLASS = YES_ERROR;
				CLANG_WARN_QUOTED_INCLUDE_IN_FRAMEWORK_HEADER = YES;
				CLANG_WARN_RANGE_LOOP_ANALYSIS = YES;
				CLANG_WARN_STRICT_PROTOTYPES = YES;
				CLANG_WARN_SUSPICIOUS_MOVE = YES;
				CLANG_WARN_UNGUARDED_AVAILABILITY = YES_AGGRESSIVE;
				CLANG_WARN_UNREACHABLE_CODE = YES;
				CLANG_WARN__DUPLICATE_METHOD_MATCH = YES;
				COPY_PHASE_STRIP = NO;
				DEBUG_INFORMATION_FORMAT = "dwarf-with-dsym";
				ENABLE_NS_ASSERTIONS = NO;
				ENABLE_STRICT_OBJC_MSGSEND = YES;
				GCC_C_LANGUAGE_STANDARD = gnu11;
				GCC_NO_COMMON_BLOCKS = YES;
				GCC_WARN_64_TO_32_BIT_CONVERSION = YES;
				GCC_WARN_ABOUT_RETURN_TYPE = YES_ERROR;
				GCC_WARN_UNDECLARED_SELECTOR = YES;
				GCC_WARN_UNINITIALIZED_AUTOS = YES_AGGRESSIVE;
				GCC_WARN_UNUSED_FUNCTION = YES;
				GCC_WARN_UNUSED_VARIABLE = YES;
				MACOSX_DEPLOYMENT_TARGET = 11.1;
				MTL_ENABLE_DEBUG_INFO = NO;
				MTL_FAST_MATH = YES;
				SDKROOT = macosx;
			};
			name = Release;
		};
		8DD4C4BD2642650E006D7D2A /* Debug */ = {
			isa = XCBuildConfiguration;
			buildSettings = {
				CODE_SIGN_IDENTITY = "-";
				CODE_SIGN_STYLE = Automatic;
				PRODUCT_NAME = "$(TARGET_NAME)";
			};
			name = Debug;
		};
		8DD4C4BE2642650E006D7D2A /* Release */ = {
			isa = XCBuildConfiguration;
			buildSettings = {
				CODE_SIGN_IDENTITY = "-";
				CODE_SIGN_STYLE = Automatic;
				PRODUCT_NAME = "$(TARGET_NAME)";
			};
			name = Release;
		};
/* End XCBuildConfiguration section */

/* Begin XCConfigurationList section */
		8DD4C4B02642650E006D7D2A /* Build configuration list for PBXProject "boj2437" */ = {
			isa = XCConfigurationList;
			buildConfigurations = (
				8DD4C4BA2642650E006D7D2A /* Debug */,
				8DD4C4BB2642650E006D7D2A /* Release */,
			);
			defaultConfigurationIsVisible = 0;
			defaultConfigurationName = Release;
		};
		8DD4C4BC2642650E006D7D2A /* Build configuration list for PBXNativeTarget "boj2437" */ = {
			isa = XCConfigurationList;
			buildConfigurations = (
				8DD4C4BD2642650E006D7D2A /* Debug */,
				8DD4C4BE2642650E006D7D2A /* Release */,
			);
			defaultConfigurationIsVisible = 0;
			defaultConfigurationName = Release;
		};
/* End XCConfigurationList section */
	};
	rootObject = 8DD4C4AD2642650E006D7D2A /* Project object */;
}
